
Microsoft Visual Studio Solution File, Format Version 12.00
# Visual Studio 15
VisualStudioVersion = 15.0.28307.136
MinimumVisualStudioVersion = 10.0.40219.1
Project("{FAE04EC0-301F-11D3-BF4B-00C04F79EFBC}") = "MLAPI", "MLAPI\MLAPI.csproj", "{53EBA874-BE48-4EB8-AC36-B2243419FB61}"
EndProject
Global
	GlobalSection(SolutionConfigurationPlatforms) = preSolution
		Debug|Any CPU = Debug|Any CPU
		Release|Any CPU = Release|Any CPU
	EndGlobalSection
	GlobalSection(ProjectConfigurationPlatforms) = postSolution
		{53EBA874-BE48-4EB8-AC36-B2243419FB61}.Debug|Any CPU.ActiveCfg = Debug|Any CPU
		{53EBA874-BE48-4EB8-AC36-B2243419FB61}.Debug|Any CPU.Build.0 = Debug|Any CPU
		{53EBA874-BE48-4EB8-AC36-B2243419FB61}.Release|Any CPU.ActiveCfg = Release|Any CPU
		{53EBA874-BE48-4EB8-AC36-B2243419FB61}.Release|Any CPU.Build.0 = Release|Any CPU
	EndGlobalSection
	GlobalSection(SolutionProperties) = preSolution
		HideSolutionNode = FALSE
	EndGlobalSection
	GlobalSection(ExtensibilityGlobals) = postSolution
		SolutionGuid = {2A048228-5D43-41D8-9343-59E0621E5D21}
	EndGlobalSection
EndGlobal
